
Microsoft Visual Studio Solution File, Format Version 12.00
# Visual Studio Version 17
VisualStudioVersion = 17.8.34330.188
MinimumVisualStudioVersion = 10.0.40219.1
Project("{8BC9CEB8-8B4A-11D0-8D11-00A0C91BC942}") = "Opencv", "Opencv.vcxproj", "{03DB69A8-9813-43A7-879A-37BE79B11E0E}"
EndProject
Global
	GlobalSection(SolutionConfigurationPlatforms) = preSolution
		Debug|x64 = Debug|x64
		Debug|x86 = Debug|x86
		Release|x64 = Release|x64
		Release|x86 = Release|x86
	EndGlobalSection
	GlobalSection(ProjectConfigurationPlatforms) = postSolution
		{03DB69A8-9813-43A7-879A-37BE79B11E0E}.Debug|x64.ActiveCfg = Debug|x64
		{03DB69A8-9813-43A7-879A-37BE79B11E0E}.Debug|x64.Build.0 = Debug|x64
		{03DB69A8-9813-43A7-879A-37BE79B11E0E}.Debug|x86.ActiveCfg = Debug|Win32
		{03DB69A8-9813-43A7-879A-37BE79B11E0E}.Debug|x86.Build.0 = Debug|Win32
		{03DB69A8-9813-43A7-879A-37BE79B11E0E}.Release|x64.ActiveCfg = Release|x64
		{03DB69A8-9813-43A7-879A-37BE79B11E0E}.Release|x64.Build.0 = Release|x64
		{03DB69A8-9813-43A7-879A-37BE79B11E0E}.Release|x86.ActiveCfg = Release|Win32
		{03DB69A8-9813-43A7-879A-37BE79B11E0E}.Release|x86.Build.0 = Release|Win32
	EndGlobalSection
	GlobalSection(SolutionProperties) = preSolution
		HideSolutionNode = FALSE
	EndGlobalSection
	GlobalSection(ExtensibilityGlobals) = postSolution
		SolutionGuid = {5CDE61EC-FD76-4EDC-B9B2-16E87A44E3EB}
	EndGlobalSection
EndGlobal
